
Microsoft Visual Studio Solution File, Format Version 12.00
# Visual Studio Version 17
VisualStudioVersion = 17.4.33213.308
MinimumVisualStudioVersion = 10.0.40219.1
Project("{FAE04EC0-301F-11D3-BF4B-00C04F79EFBC}") = "Insert", "Insert\Insert.csproj", "{58C20964-5C54-44C9-A070-6E31B53B9C5F}"
EndProject
Global
	GlobalSection(SolutionConfigurationPlatforms) = preSolution
		Debug|Any CPU = Debug|Any CPU
		Release|Any CPU = Release|Any CPU
	EndGlobalSection
	GlobalSection(ProjectConfigurationPlatforms) = postSolution
		{58C20964-5C54-44C9-A070-6E31B53B9C5F}.Debug|Any CPU.ActiveCfg = Debug|Any CPU
		{58C20964-5C54-44C9-A070-6E31B53B9C5F}.Debug|Any CPU.Build.0 = Debug|Any CPU
		{58C20964-5C54-44C9-A070-6E31B53B9C5F}.Release|Any CPU.ActiveCfg = Release|Any CPU
		{58C20964-5C54-44C9-A070-6E31B53B9C5F}.Release|Any CPU.Build.0 = Release|Any CPU
	EndGlobalSection
	GlobalSection(SolutionProperties) = preSolution
		HideSolutionNode = FALSE
	EndGlobalSection
	GlobalSection(ExtensibilityGlobals) = postSolution
		SolutionGuid = {DF801E3C-F0C2-424F-89BE-C1ED976315C7}
	EndGlobalSection
EndGlobal
